
Microsoft Visual Studio Solution File, Format Version 12.00
# Visual Studio Version 17
VisualStudioVersion = 17.5.33530.505
MinimumVisualStudioVersion = 10.0.40219.1
Project("{FAE04EC0-301F-11D3-BF4B-00C04F79EFBC}") = "DiscordBot", "DiscordBot.csproj", "{C7606FDA-46D0-4D85-A28D-2A51F158589E}"
EndProject
Global
	GlobalSection(SolutionConfigurationPlatforms) = preSolution
		Debug|Any CPU = Debug|Any CPU
		Release|Any CPU = Release|Any CPU
	EndGlobalSection
	GlobalSection(ProjectConfigurationPlatforms) = postSolution
		{C7606FDA-46D0-4D85-A28D-2A51F158589E}.Debug|Any CPU.ActiveCfg = Debug|Any CPU
		{C7606FDA-46D0-4D85-A28D-2A51F158589E}.Debug|Any CPU.Build.0 = Debug|Any CPU
		{C7606FDA-46D0-4D85-A28D-2A51F158589E}.Release|Any CPU.ActiveCfg = Release|Any CPU
		{C7606FDA-46D0-4D85-A28D-2A51F158589E}.Release|Any CPU.Build.0 = Release|Any CPU
	EndGlobalSection
	GlobalSection(SolutionProperties) = preSolution
		HideSolutionNode = FALSE
	EndGlobalSection
	GlobalSection(ExtensibilityGlobals) = postSolution
		SolutionGuid = {77B6A742-C147-46EE-AB81-5D9F68A17468}
	EndGlobalSection
EndGlobal
